// !$*UTF8*$!
{
	archiveVersion = 1;
	classes = {
	};
	objectVersion = 50;
	objects = {

/* Begin PBXBuildFile section */
		5B78F0D62217CB490023F328 /* AppDelegate.swift in Sources */ = {isa = PBXBuildFile; fileRef = 5B78F0D52217CB490023F328 /* AppDelegate.swift */; };
		5B78F0D82217CB490023F328 /* ViewController.swift in Sources */ = {isa = PBXBuildFile; fileRef = 5B78F0D72217CB490023F328 /* ViewController.swift */; };
		5B78F0DB2217CB490023F328 /* Main.storyboard in Resources */ = {isa = PBXBuildFile; fileRef = 5B78F0D92217CB490023F328 /* Main.storyboard */; };
		5B78F0DD2217CB4A0023F328 /* Assets.xcassets in Resources */ = {isa = PBXBuildFile; fileRef = 5B78F0DC2217CB4A0023F328 /* Assets.xcassets */; };
		5B78F0E02217CB4A0023F328 /* LaunchScreen.storyboard in Resources */ = {isa = PBXBuildFile; fileRef = 5B78F0DE2217CB4A0023F328 /* LaunchScreen.storyboard */; };
		5B78F0EB2217CB4A0023F328 /* SilvercarLocationsTests.swift in Sources */ = {isa = PBXBuildFile; fileRef = 5B78F0EA2217CB4A0023F328 /* SilvercarLocationsTests.swift */; };
/* End PBXBuildFile section */

/* Begin PBXContainerItemProxy section */
		5B78F0E72217CB4A0023F328 /* PBXContainerItemProxy */ = {
			isa = PBXContainerItemProxy;
			containerPortal = 5B78F0CA2217CB490023F328 /* Project object */;
			proxyType = 1;
			remoteGlobalIDString = 5B78F0D12217CB490023F328;
			remoteInfo = SilvercarLocations;
		};
/* End PBXContainerItemProxy section */

/* Begin PBXFileReference section */
		5B78F0D22217CB490023F328 /* SilvercarLocations.app */ = {isa = PBXFileReference; explicitFileType = wrapper.application; includeInIndex = 0; path = SilvercarLocations.app; sourceTree = BUILT_PRODUCTS_DIR; };
		5B78F0D52217CB490023F328 /* AppDelegate.swift */ = {isa = PBXFileReference; lastKnownFileType = sourcecode.swift; path = AppDelegate.swift; sourceTree = "<group>"; };
		5B78F0D72217CB490023F328 /* ViewController.swift */ = {isa = PBXFileReference; lastKnownFileType = sourcecode.swift; path = ViewController.swift; sourceTree = "<group>"; };
		5B78F0DA2217CB490023F328 /* Base */ = {isa = PBXFileReference; lastKnownFileType = file.storyboard; name = Base; path = Base.lproj/Main.storyboard; sourceTree = "<group>"; };
		5B78F0DC2217CB4A0023F328 /* Assets.xcassets */ = {isa = PBXFileReference; lastKnownFileType = folder.assetcatalog; path = Assets.xcassets; sourceTree = "<group>"; };
		5B78F0DF2217CB4A0023F328 /* Base */ = {isa = PBXFileReference; lastKnownFileType = file.storyboard; name = Base; path = Base.lproj/LaunchScreen.storyboard; sourceTree = "<group>"; };
		5B78F0E12217CB4A0023F328 /* Info.plist */ = {isa = PBXFileReference; lastKnownFileType = text.plist.xml; path = Info.plist; sourceTree = "<group>"; };
		5B78F0E62217CB4A0023F328 /* SilvercarLocationsTests.xctest */ = {isa = PBXFileReference; explicitFileType = wrapper.cfbundle; includeInIndex = 0; path = SilvercarLocationsTests.xctest; sourceTree = BUILT_PRODUCTS_DIR; };
		5B78F0EA2217CB4A0023F328 /* SilvercarLocationsTests.swift */ = {isa = PBXFileReference; lastKnownFileType = sourcecode.swift; path = SilvercarLocationsTests.swift; sourceTree = "<group>"; };
		5B78F0EC2217CB4A0023F328 /* Info.plist */ = {isa = PBXFileReference; lastKnownFileType = text.plist.xml; path = Info.plist; sourceTree = "<group>"; };
/* End PBXFileReference section */

/* Begin PBXFrameworksBuildPhase section */
		5B78F0CF2217CB490023F328 /* Frameworks */ = {
			isa = PBXFrameworksBuildPhase;
			buildActionMask = 2147483647;
			files = (
			);
			runOnlyForDeploymentPostprocessing = 0;
		};
		5B78F0E32217CB4A0023F328 /* Frameworks */ = {
			isa = PBXFrameworksBuildPhase;
			buildActionMask = 2147483647;
			files = (
			);
			runOnlyForDeploymentPostprocessing = 0;
		};
/* End PBXFrameworksBuildPhase section */

/* Begin PBXGroup section */
		5B78F0C92217CB490023F328 = {
			isa = PBXGroup;
			children = (
				5B78F0D42217CB490023F328 /* SilvercarLocations */,
				5B78F0E92217CB4A0023F328 /* SilvercarLocationsTests */,
				5B78F0D32217CB490023F328 /* Products */,
			);
			sourceTree = "<group>";
		};
		5B78F0D32217CB490023F328 /* Products */ = {
			isa = PBXGroup;
			children = (
				5B78F0D22217CB490023F328 /* SilvercarLocations.app */,
				5B78F0E62217CB4A0023F328 /* SilvercarLocationsTests.xctest */,
			);
			name = Products;
			sourceTree = "<group>";
		};
		5B78F0D42217CB490023F328 /* SilvercarLocations */ = {
			isa = PBXGroup;
			children = (
				5B78F0D52217CB490023F328 /* AppDelegate.swift */,
				5B78F0D72217CB490023F328 /* ViewController.swift */,
				5B78F0D92217CB490023F328 /* Main.storyboard */,
				5B78F0DC2217CB4A0023F328 /* Assets.xcassets */,
				5B78F0DE2217CB4A0023F328 /* LaunchScreen.storyboard */,
				5B78F0E12217CB4A0023F328 /* Info.plist */,
			);
			path = SilvercarLocations;
			sourceTree = "<group>";
		};
		5B78F0E92217CB4A0023F328 /* SilvercarLocationsTests */ = {
			isa = PBXGroup;
			children = (
				5B78F0EA2217CB4A0023F328 /* SilvercarLocationsTests.swift */,
				5B78F0EC2217CB4A0023F328 /* Info.plist */,
			);
			path = SilvercarLocationsTests;
			sourceTree = "<group>";
		};
/* End PBXGroup section */

/* Begin PBXNativeTarget section */
		5B78F0D12217CB490023F328 /* SilvercarLocations */ = {
			isa = PBXNativeTarget;
			buildConfigurationList = 5B78F0EF2217CB4A0023F328 /* Build configuration list for PBXNativeTarget "SilvercarLocations" */;
			buildPhases = (
				5B78F0CE2217CB490023F328 /* Sources */,
				5B78F0CF2217CB490023F328 /* Frameworks */,
				5B78F0D02217CB490023F328 /* Resources */,
			);
			buildRules = (
			);
			dependencies = (
			);
			name = SilvercarLocations;
			productName = SilvercarLocations;
			productReference = 5B78F0D22217CB490023F328 /* SilvercarLocations.app */;
			productType = "com.apple.product-type.application";
		};
		5B78F0E52217CB4A0023F328 /* SilvercarLocationsTests */ = {
			isa = PBXNativeTarget;
			buildConfigurationList = 5B78F0F22217CB4A0023F328 /* Build configuration list for PBXNativeTarget "SilvercarLocationsTests" */;
			buildPhases = (
				5B78F0E22217CB4A0023F328 /* Sources */,
				5B78F0E32217CB4A0023F328 /* Frameworks */,
				5B78F0E42217CB4A0023F328 /* Resources */,
			);
			buildRules = (
			);
			dependencies = (
				5B78F0E82217CB4A0023F328 /* PBXTargetDependency */,
			);
			name = SilvercarLocationsTests;
			productName = SilvercarLocationsTests;
			productReference = 5B78F0E62217CB4A0023F328 /* SilvercarLocationsTests.xctest */;
			productType = "com.apple.product-type.bundle.unit-test";
		};
/* End PBXNativeTarget section */

/* Begin PBXProject section */
		5B78F0CA2217CB490023F328 /* Project object */ = {
			isa = PBXProject;
			attributes = {
				LastSwiftUpdateCheck = 1010;
				LastUpgradeCheck = 1010;
				ORGANIZATIONNAME = "Gabe Morales";
				TargetAttributes = {
					5B78F0D12217CB490023F328 = {
						CreatedOnToolsVersion = 10.1;
					};
					5B78F0E52217CB4A0023F328 = {
						CreatedOnToolsVersion = 10.1;
						TestTargetID = 5B78F0D12217CB490023F328;
					};
				};
			};
			buildConfigurationList = 5B78F0CD2217CB490023F328 /* Build configuration list for PBXProject "SilvercarLocations" */;
			compatibilityVersion = "Xcode 9.3";
			developmentRegion = en;
			hasScannedForEncodings = 0;
			knownRegions = (
				en,
				Base,
			);
			mainGroup = 5B78F0C92217CB490023F328;
			productRefGroup = 5B78F0D32217CB490023F328 /* Products */;
			projectDirPath = "";
			projectRoot = "";
			targets = (
				5B78F0D12217CB490023F328 /* SilvercarLocations */,
				5B78F0E52217CB4A0023F328 /* SilvercarLocationsTests */,
			);
		};
/* End PBXProject section */

/* Begin PBXResourcesBuildPhase section */
		5B78F0D02217CB490023F328 /* Resources */ = {
			isa = PBXResourcesBuildPhase;
			buildActionMask = 2147483647;
			files = (
				5B78F0E02217CB4A0023F328 /* LaunchScreen.storyboard in Resources */,
				5B78F0DD2217CB4A0023F328 /* Assets.xcassets in Resources */,
				5B78F0DB2217CB490023F328 /* Main.storyboard in Resources */,
			);
			runOnlyForDeploymentPostprocessing = 0;
		};
		5B78F0E42217CB4A0023F328 /* Resources */ = {
			isa = PBXResourcesBuildPhase;
			buildActionMask = 2147483647;
			files = (
			);
			runOnlyForDeploymentPostprocessing = 0;
		};
/* End PBXResourcesBuildPhase section */

/* Begin PBXSourcesBuildPhase section */
		5B78F0CE2217CB490023F328 /* Sources */ = {
			isa = PBXSourcesBuildPhase;
			buildActionMask = 2147483647;
			files = (
				5B78F0D82217CB490023F328 /* ViewController.swift in Sources */,
				5B78F0D62217CB490023F328 /* AppDelegate.swift in Sources */,
			);
			runOnlyForDeploymentPostprocessing = 0;
		};
		5B78F0E22217CB4A0023F328 /* Sources */ = {
			isa = PBXSourcesBuildPhase;
			buildActionMask = 2147483647;
			files = (
				5B78F0EB2217CB4A0023F328 /* SilvercarLocationsTests.swift in Sources */,
			);
			runOnlyForDeploymentPostprocessing = 0;
		};
/* End PBXSourcesBuildPhase section */

/* Begin PBXTargetDependency section */
		5B78F0E82217CB4A0023F328 /* PBXTargetDependency */ = {
			isa = PBXTargetDependency;
			target = 5B78F0D12217CB490023F328 /* SilvercarLocations */;
			targetProxy = 5B78F0E72217CB4A0023F328 /* PBXContainerItemProxy */;
		};
/* End PBXTargetDependency section */

/* Begin PBXVariantGroup section */
		5B78F0D92217CB490023F328 /* Main.storyboard */ = {
			isa = PBXVariantGroup;
			children = (
				5B78F0DA2217CB490023F328 /* Base */,
			);
			name = Main.storyboard;
			sourceTree = "<group>";
		};
		5B78F0DE2217CB4A0023F328 /* LaunchScreen.storyboard */ = {
			isa = PBXVariantGroup;
			children = (
				5B78F0DF2217CB4A0023F328 /* Base */,
			);
			name = LaunchScreen.storyboard;
			sourceTree = "<group>";
		};
/* End PBXVariantGroup section */

/* Begin XCBuildConfiguration section */
		5B78F0ED2217CB4A0023F328 /* Debug */ = {
			isa = XCBuildConfiguration;
			buildSettings = {
				ALWAYS_SEARCH_USER_PATHS = NO;
				CLANG_ANALYZER_NONNULL = YES;
				CLANG_ANALYZER_NUMBER_OBJECT_CONVERSION = YES_AGGRESSIVE;
				CLANG_CXX_LANGUAGE_STANDARD = "gnu++14";
				CLANG_CXX_LIBRARY = "libc++";
				CLANG_ENABLE_MODULES = YES;
				CLANG_ENABLE_OBJC_ARC = YES;
				CLANG_ENABLE_OBJC_WEAK = YES;
				CLANG_WARN_BLOCK_CAPTURE_AUTORELEASING = YES;
				CLANG_WARN_BOOL_CONVERSION = YES;
				CLANG_WARN_COMMA = YES;
				CLANG_WARN_CONSTANT_CONVERSION = YES;
				CLANG_WARN_DEPRECATED_OBJC_IMPLEMENTATIONS = YES;
				CLANG_WARN_DIRECT_OBJC_ISA_USAGE = YES_ERROR;
				CLANG_WARN_DOCUMENTATION_COMMENTS = YES;
				CLANG_WARN_EMPTY_BODY = YES;
				CLANG_WARN_ENUM_CONVERSION = YES;
				CLANG_WARN_INFINITE_RECURSION = YES;
				CLANG_WARN_INT_CONVERSION = YES;
				CLANG_WARN_NON_LITERAL_NULL_CONVERSION = YES;
				CLANG_WARN_OBJC_IMPLICIT_RETAIN_SELF = YES;
				CLANG_WARN_OBJC_LITERAL_CONVERSION = YES;
				CLANG_WARN_OBJC_ROOT_CLASS = YES_ERROR;
				CLANG_WARN_RANGE_LOOP_ANALYSIS = YES;
				CLANG_WARN_STRICT_PROTOTYPES = YES;
				CLANG_WARN_SUSPICIOUS_MOVE = YES;
				CLANG_WARN_UNGUARDED_AVAILABILITY = YES_AGGRESSIVE;
				CLANG_WARN_UNREACHABLE_CODE = YES;
				CLANG_WARN__DUPLICATE_METHOD_MATCH = YES;
				CODE_SIGN_IDENTITY = "iPhone Developer";
				COPY_PHASE_STRIP = NO;
				DEBUG_INFORMATION_FORMAT = dwarf;
				ENABLE_STRICT_OBJC_MSGSEND = YES;
				ENABLE_TESTABILITY = YES;
				GCC_C_LANGUAGE_STANDARD = gnu11;
				GCC_DYNAMIC_NO_PIC = NO;
				GCC_NO_COMMON_BLOCKS = YES;
				GCC_OPTIMIZATION_LEVEL = 0;
				GCC_PREPROCESSOR_DEFINITIONS = (
					"DEBUG=1",
					"$(inherited)",
				);
				GCC_WARN_64_TO_32_BIT_CONVERSION = YES;
				GCC_WARN_ABOUT_RETURN_TYPE = YES_ERROR;
				GCC_WARN_UNDECLARED_SELECTOR = YES;
				GCC_WARN_UNINITIALIZED_AUTOS = YES_AGGRESSIVE;
				GCC_WARN_UNUSED_FUNCTION = YES;
				GCC_WARN_UNUSED_VARIABLE = YES;
				IPHONEOS_DEPLOYMENT_TARGET = 12.1;
				MTL_ENABLE_DEBUG_INFO = INCLUDE_SOURCE;
				MTL_FAST_MATH = YES;
				ONLY_ACTIVE_ARCH = YES;
				SDKROOT = iphoneos;
				SWIFT_ACTIVE_COMPILATION_CONDITIONS = DEBUG;
				SWIFT_OPTIMIZATION_LEVEL = "-Onone";
			};
			name = Debug;
		};
		5B78F0EE2217CB4A0023F328 /* Release */ = {
			isa = XCBuildConfiguration;
			buildSettings = {
				ALWAYS_SEARCH_USER_PATHS = NO;
				CLANG_ANALYZER_NONNULL = YES;
				CLANG_ANALYZER_NUMBER_OBJECT_CONVERSION = YES_AGGRESSIVE;
				CLANG_CXX_LANGUAGE_STANDARD = "gnu++14";
				CLANG_CXX_LIBRARY = "libc++";
				CLANG_ENABLE_MODULES = YES;
				CLANG_ENABLE_OBJC_ARC = YES;
				CLANG_ENABLE_OBJC_WEAK = YES;
				CLANG_WARN_BLOCK_CAPTURE_AUTORELEASING = YES;
				CLANG_WARN_BOOL_CONVERSION = YES;
				CLANG_WARN_COMMA = YES;
				CLANG_WARN_CONSTANT_CONVERSION = YES;
				CLANG_WARN_DEPRECATED_OBJC_IMPLEMENTATIONS = YES;
				CLANG_WARN_DIRECT_OBJC_ISA_USAGE = YES_ERROR;
				CLANG_WARN_DOCUMENTATION_COMMENTS = YES;
				CLANG_WARN_EMPTY_BODY = YES;
				CLANG_WARN_ENUM_CONVERSION = YES;
				CLANG_WARN_INFINITE_RECURSION = YES;
				CLANG_WARN_INT_CONVERSION = YES;
				CLANG_WARN_NON_LITERAL_NULL_CONVERSION = YES;
				CLANG_WARN_OBJC_IMPLICIT_RETAIN_SELF = YES;
				CLANG_WARN_OBJC_LITERAL_CONVERSION = YES;
				CLANG_WARN_OBJC_ROOT_CLASS = YES_ERROR;
				CLANG_WARN_RANGE_LOOP_ANALYSIS = YES;
				CLANG_WARN_STRICT_PROTOTYPES = YES;
				CLANG_WARN_SUSPICIOUS_MOVE = YES;
				CLANG_WARN_UNGUARDED_AVAILABILITY = YES_AGGRESSIVE;
				CLANG_WARN_UNREACHABLE_CODE = YES;
				CLANG_WARN__DUPLICATE_METHOD_MATCH = YES;
				CODE_SIGN_IDENTITY = "iPhone Developer";
				COPY_PHASE_STRIP = NO;
				DEBUG_INFORMATION_FORMAT = "dwarf-with-dsym";
				ENABLE_NS_ASSERTIONS = NO;
				ENABLE_STRICT_OBJC_MSGSEND = YES;
				GCC_C_LANGUAGE_STANDARD = gnu11;
				GCC_NO_COMMON_BLOCKS = YES;
				GCC_WARN_64_TO_32_BIT_CONVERSION = YES;
				GCC_WARN_ABOUT_RETURN_TYPE = YES_ERROR;
				GCC_WARN_UNDECLARED_SELECTOR = YES;
				GCC_WARN_UNINITIALIZED_AUTOS = YES_AGGRESSIVE;
				GCC_WARN_UNUSED_FUNCTION = YES;
				GCC_WARN_UNUSED_VARIABLE = YES;
				IPHONEOS_DEPLOYMENT_TARGET = 12.1;
				MTL_ENABLE_DEBUG_INFO = NO;
				MTL_FAST_MATH = YES;
				SDKROOT = iphoneos;
				SWIFT_COMPILATION_MODE = wholemodule;
				SWIFT_OPTIMIZATION_LEVEL = "-O";
				VALIDATE_PRODUCT = YES;
			};
			name = Release;
		};
		5B78F0F02217CB4A0023F328 /* Debug */ = {
			isa = XCBuildConfiguration;
			buildSettings = {
				ASSETCATALOG_COMPILER_APPICON_NAME = AppIcon;
				CODE_SIGN_STYLE = Automatic;
				INFOPLIST_FILE = SilvercarLocations/Info.plist;
				LD_RUNPATH_SEARCH_PATHS = (
					"$(inherited)",
					"@executable_path/Frameworks",
				);
				PRODUCT_BUNDLE_IDENTIFIER = com.morales.SilvercarLocations;
				PRODUCT_NAME = "$(TARGET_NAME)";
				SWIFT_VERSION = 4.2;
				TARGETED_DEVICE_FAMILY = "1,2";
			};
			name = Debug;
		};
		5B78F0F12217CB4A0023F328 /* Release */ = {
			isa = XCBuildConfiguration;
			buildSettings = {
				ASSETCATALOG_COMPILER_APPICON_NAME = AppIcon;
				CODE_SIGN_STYLE = Automatic;
				INFOPLIST_FILE = SilvercarLocations/Info.plist;
				LD_RUNPATH_SEARCH_PATHS = (
					"$(inherited)",
					"@executable_path/Frameworks",
				);
				PRODUCT_BUNDLE_IDENTIFIER = com.morales.SilvercarLocations;
				PRODUCT_NAME = "$(TARGET_NAME)";
				SWIFT_VERSION = 4.2;
				TARGETED_DEVICE_FAMILY = "1,2";
			};
			name = Release;
		};
		5B78F0F32217CB4A0023F328 /* Debug */ = {
			isa = XCBuildConfiguration;
			buildSettings = {
				ALWAYS_EMBED_SWIFT_STANDARD_LIBRARIES = YES;
				BUNDLE_LOADER = "$(TEST_HOST)";
				CODE_SIGN_STYLE = Automatic;
				INFOPLIST_FILE = SilvercarLocationsTests/Info.plist;
				LD_RUNPATH_SEARCH_PATHS = (
					"$(inherited)",
					"@executable_path/Frameworks",
					"@loader_path/Frameworks",
				);
				PRODUCT_BUNDLE_IDENTIFIER = com.morales.SilvercarLocationsTests;
				PRODUCT_NAME = "$(TARGET_NAME)";
				SWIFT_VERSION = 4.2;
				TARGETED_DEVICE_FAMILY = "1,2";
				TEST_HOST = "$(BUILT_PRODUCTS_DIR)/SilvercarLocations.app/SilvercarLocations";
			};
			name = Debug;
		};
		5B78F0F42217CB4A0023F328 /* Release */ = {
			isa = XCBuildConfiguration;
			buildSettings = {
				ALWAYS_EMBED_SWIFT_STANDARD_LIBRARIES = YES;
				BUNDLE_LOADER = "$(TEST_HOST)";
				CODE_SIGN_STYLE = Automatic;
				INFOPLIST_FILE = SilvercarLocationsTests/Info.plist;
				LD_RUNPATH_SEARCH_PATHS = (
					"$(inherited)",
					"@executable_path/Frameworks",
					"@loader_path/Frameworks",
				);
				PRODUCT_BUNDLE_IDENTIFIER = com.morales.SilvercarLocationsTests;
				PRODUCT_NAME = "$(TARGET_NAME)";
				SWIFT_VERSION = 4.2;
				TARGETED_DEVICE_FAMILY = "1,2";
				TEST_HOST = "$(BUILT_PRODUCTS_DIR)/SilvercarLocations.app/SilvercarLocations";
			};
			name = Release;
		};
/* End XCBuildConfiguration section */

/* Begin XCConfigurationList section */
		5B78F0CD2217CB490023F328 /* Build configuration list for PBXProject "SilvercarLocations" */ = {
			isa = XCConfigurationList;
			buildConfigurations = (
				5B78F0ED2217CB4A0023F328 /* Debug */,
				5B78F0EE2217CB4A0023F328 /* Release */,
			);
			defaultConfigurationIsVisible = 0;
			defaultConfigurationName = Release;
		};
		5B78F0EF2217CB4A0023F328 /* Build configuration list for PBXNativeTarget "SilvercarLocations" */ = {
			isa = XCConfigurationList;
			buildConfigurations = (
				5B78F0F02217CB4A0023F328 /* Debug */,
				5B78F0F12217CB4A0023F328 /* Release */,
			);
			defaultConfigurationIsVisible = 0;
			defaultConfigurationName = Release;
		};
		5B78F0F22217CB4A0023F328 /* Build configuration list for PBXNativeTarget "SilvercarLocationsTests" */ = {
			isa = XCConfigurationList;
			buildConfigurations = (
				5B78F0F32217CB4A0023F328 /* Debug */,
				5B78F0F42217CB4A0023F328 /* Release */,
			);
			defaultConfigurationIsVisible = 0;
			defaultConfigurationName = Release;
		};
/* End XCConfigurationList section */
	};
	rootObject = 5B78F0CA2217CB490023F328 /* Project object */;
}
